
Microsoft Visual Studio Solution File, Format Version 12.00
# Visual Studio 15
VisualStudioVersion = 15.0.28307.852
MinimumVisualStudioVersion = 10.0.40219.1
Project("{FAE04EC0-301F-11D3-BF4B-00C04F79EFBC}") = "02-holaMundoWPF", "02-holaMundoWPF\02-holaMundoWPF.csproj", "{ABD5A6C0-5E81-4D17-892E-B8A80E49F939}"
EndProject
Global
	GlobalSection(SolutionConfigurationPlatforms) = preSolution
		Debug|Any CPU = Debug|Any CPU
		Release|Any CPU = Release|Any CPU
	EndGlobalSection
	GlobalSection(ProjectConfigurationPlatforms) = postSolution
		{ABD5A6C0-5E81-4D17-892E-B8A80E49F939}.Debug|Any CPU.ActiveCfg = Debug|Any CPU
		{ABD5A6C0-5E81-4D17-892E-B8A80E49F939}.Debug|Any CPU.Build.0 = Debug|Any CPU
		{ABD5A6C0-5E81-4D17-892E-B8A80E49F939}.Release|Any CPU.ActiveCfg = Release|Any CPU
		{ABD5A6C0-5E81-4D17-892E-B8A80E49F939}.Release|Any CPU.Build.0 = Release|Any CPU
	EndGlobalSection
	GlobalSection(SolutionProperties) = preSolution
		HideSolutionNode = FALSE
	EndGlobalSection
	GlobalSection(ExtensibilityGlobals) = postSolution
		SolutionGuid = {8C93D126-82CA-476F-9DD6-F15B95B7BF01}
	EndGlobalSection
EndGlobal
