
Microsoft Visual Studio Solution File, Format Version 12.00
# Visual Studio Version 16
VisualStudioVersion = 16.0.29319.158
MinimumVisualStudioVersion = 10.0.40219.1
Project("{FAE04EC0-301F-11D3-BF4B-00C04F79EFBC}") = "06-bbddLista", "06-bbddLista\06-bbddLista.csproj", "{A7163720-4D3B-462F-9AD8-A2BA942A68E4}"
EndProject
Global
	GlobalSection(SolutionConfigurationPlatforms) = preSolution
		Debug|Any CPU = Debug|Any CPU
		Release|Any CPU = Release|Any CPU
	EndGlobalSection
	GlobalSection(ProjectConfigurationPlatforms) = postSolution
		{A7163720-4D3B-462F-9AD8-A2BA942A68E4}.Debug|Any CPU.ActiveCfg = Debug|Any CPU
		{A7163720-4D3B-462F-9AD8-A2BA942A68E4}.Debug|Any CPU.Build.0 = Debug|Any CPU
		{A7163720-4D3B-462F-9AD8-A2BA942A68E4}.Release|Any CPU.ActiveCfg = Release|Any CPU
		{A7163720-4D3B-462F-9AD8-A2BA942A68E4}.Release|Any CPU.Build.0 = Release|Any CPU
	EndGlobalSection
	GlobalSection(SolutionProperties) = preSolution
		HideSolutionNode = FALSE
	EndGlobalSection
	GlobalSection(ExtensibilityGlobals) = postSolution
		SolutionGuid = {D5B115BC-6328-4457-A56C-E6ACAAD9A2CF}
	EndGlobalSection
EndGlobal
