
Microsoft Visual Studio Solution File, Format Version 12.00
# Visual Studio 15
VisualStudioVersion = 15.0.28307.852
MinimumVisualStudioVersion = 10.0.40219.1
Project("{FAE04EC0-301F-11D3-BF4B-00C04F79EFBC}") = "02-HolaMundoMVC", "02-HolaMundoMVC\02-HolaMundoMVC.csproj", "{C6AA852D-1E99-4298-90B7-65238F8EEC54}"
EndProject
Global
	GlobalSection(SolutionConfigurationPlatforms) = preSolution
		Debug|Any CPU = Debug|Any CPU
		Release|Any CPU = Release|Any CPU
	EndGlobalSection
	GlobalSection(ProjectConfigurationPlatforms) = postSolution
		{C6AA852D-1E99-4298-90B7-65238F8EEC54}.Debug|Any CPU.ActiveCfg = Debug|Any CPU
		{C6AA852D-1E99-4298-90B7-65238F8EEC54}.Debug|Any CPU.Build.0 = Debug|Any CPU
		{C6AA852D-1E99-4298-90B7-65238F8EEC54}.Release|Any CPU.ActiveCfg = Release|Any CPU
		{C6AA852D-1E99-4298-90B7-65238F8EEC54}.Release|Any CPU.Build.0 = Release|Any CPU
	EndGlobalSection
	GlobalSection(SolutionProperties) = preSolution
		HideSolutionNode = FALSE
	EndGlobalSection
	GlobalSection(ExtensibilityGlobals) = postSolution
		SolutionGuid = {AF5A91DE-A30A-412C-9370-461F39D15F94}
	EndGlobalSection
EndGlobal
