
Microsoft Visual Studio Solution File, Format Version 12.00
# Visual Studio 15
VisualStudioVersion = 15.0.28307.852
MinimumVisualStudioVersion = 10.0.40219.1
Project("{FAE04EC0-301F-11D3-BF4B-00C04F79EFBC}") = "06-RelativePanel", "06-RelativePanel\06-RelativePanel.csproj", "{A2561294-DEC0-435E-A992-EB96D3CCA200}"
EndProject
Global
	GlobalSection(SolutionConfigurationPlatforms) = preSolution
		Debug|ARM = Debug|ARM
		Debug|ARM64 = Debug|ARM64
		Debug|x64 = Debug|x64
		Debug|x86 = Debug|x86
		Release|ARM = Release|ARM
		Release|ARM64 = Release|ARM64
		Release|x64 = Release|x64
		Release|x86 = Release|x86
	EndGlobalSection
	GlobalSection(ProjectConfigurationPlatforms) = postSolution
		{A2561294-DEC0-435E-A992-EB96D3CCA200}.Debug|ARM.ActiveCfg = Debug|ARM
		{A2561294-DEC0-435E-A992-EB96D3CCA200}.Debug|ARM.Build.0 = Debug|ARM
		{A2561294-DEC0-435E-A992-EB96D3CCA200}.Debug|ARM.Deploy.0 = Debug|ARM
		{A2561294-DEC0-435E-A992-EB96D3CCA200}.Debug|ARM64.ActiveCfg = Debug|ARM64
		{A2561294-DEC0-435E-A992-EB96D3CCA200}.Debug|ARM64.Build.0 = Debug|ARM64
		{A2561294-DEC0-435E-A992-EB96D3CCA200}.Debug|ARM64.Deploy.0 = Debug|ARM64
		{A2561294-DEC0-435E-A992-EB96D3CCA200}.Debug|x64.ActiveCfg = Debug|x64
		{A2561294-DEC0-435E-A992-EB96D3CCA200}.Debug|x64.Build.0 = Debug|x64
		{A2561294-DEC0-435E-A992-EB96D3CCA200}.Debug|x64.Deploy.0 = Debug|x64
		{A2561294-DEC0-435E-A992-EB96D3CCA200}.Debug|x86.ActiveCfg = Debug|x86
		{A2561294-DEC0-435E-A992-EB96D3CCA200}.Debug|x86.Build.0 = Debug|x86
		{A2561294-DEC0-435E-A992-EB96D3CCA200}.Debug|x86.Deploy.0 = Debug|x86
		{A2561294-DEC0-435E-A992-EB96D3CCA200}.Release|ARM.ActiveCfg = Release|ARM
		{A2561294-DEC0-435E-A992-EB96D3CCA200}.Release|ARM.Build.0 = Release|ARM
		{A2561294-DEC0-435E-A992-EB96D3CCA200}.Release|ARM.Deploy.0 = Release|ARM
		{A2561294-DEC0-435E-A992-EB96D3CCA200}.Release|ARM64.ActiveCfg = Release|ARM64
		{A2561294-DEC0-435E-A992-EB96D3CCA200}.Release|ARM64.Build.0 = Release|ARM64
		{A2561294-DEC0-435E-A992-EB96D3CCA200}.Release|ARM64.Deploy.0 = Release|ARM64
		{A2561294-DEC0-435E-A992-EB96D3CCA200}.Release|x64.ActiveCfg = Release|x64
		{A2561294-DEC0-435E-A992-EB96D3CCA200}.Release|x64.Build.0 = Release|x64
		{A2561294-DEC0-435E-A992-EB96D3CCA200}.Release|x64.Deploy.0 = Release|x64
		{A2561294-DEC0-435E-A992-EB96D3CCA200}.Release|x86.ActiveCfg = Release|x86
		{A2561294-DEC0-435E-A992-EB96D3CCA200}.Release|x86.Build.0 = Release|x86
		{A2561294-DEC0-435E-A992-EB96D3CCA200}.Release|x86.Deploy.0 = Release|x86
	EndGlobalSection
	GlobalSection(SolutionProperties) = preSolution
		HideSolutionNode = FALSE
	EndGlobalSection
	GlobalSection(ExtensibilityGlobals) = postSolution
		SolutionGuid = {0907FD10-9990-47EC-B0DB-F0773F336675}
	EndGlobalSection
EndGlobal
